
Microsoft Visual Studio Solution File, Format Version 12.00
# Visual Studio Version 17
VisualStudioVersion = 17.5.33627.172
MinimumVisualStudioVersion = 10.0.40219.1
Project("{2150E333-8FDC-42A3-9474-1A3956D46DE8}") = "Persistance", "Persistance", "{F62BA9D5-9036-43E8-89EA-412F5EA1C6C6}"
EndProject
Project("{2150E333-8FDC-42A3-9474-1A3956D46DE8}") = "Core", "Core", "{EF93EE2F-BD9F-49B1-8658-86E233192DE2}"
EndProject
Project("{2150E333-8FDC-42A3-9474-1A3956D46DE8}") = "Presentatin", "Presentatin", "{F895CF5E-A4BA-4B32-9F2B-2F03A92844F8}"
EndProject
Project("{9A19103F-16F7-4668-BE54-9A1E7A4F7556}") = "Zamzam.Domain", "Zamzam.Core\Zamzam.Domain.csproj", "{A533AC94-7144-4AB3-AB0B-A125F0AA387A}"
EndProject
Project("{9A19103F-16F7-4668-BE54-9A1E7A4F7556}") = "Zamzam.EF", "Zamzam.EF\Zamzam.EF.csproj", "{E22B8E40-E23E-4AA3-B6F9-331F4C88C52E}"
EndProject
Project("{9A19103F-16F7-4668-BE54-9A1E7A4F7556}") = "Zamzam.Application", "Zamzam.Application\Zamzam.Application.csproj", "{D9112414-28FC-4311-B238-E3681EC6CD06}"
EndProject
Project("{2150E333-8FDC-42A3-9474-1A3956D46DE8}") = "Shared", "Shared", "{1887879D-A356-4F36-80CF-7813435A0BAA}"
EndProject
Project("{9A19103F-16F7-4668-BE54-9A1E7A4F7556}") = "Zamzam.Shared", "Zamzam.Shared\Zamzam.Shared.csproj", "{9A6ADFFA-3BA4-4C2E-BFDB-B75CF257A04F}"
EndProject
Project("{9A19103F-16F7-4668-BE54-9A1E7A4F7556}") = "Zamzam.Infrastructure", "Zamzam.Infrastructure\Zamzam.Infrastructure.csproj", "{0420BBBD-0390-4934-9A21-5BCF73FDE1BE}"
EndProject
Project("{9A19103F-16F7-4668-BE54-9A1E7A4F7556}") = "Zamzam.Contracts", "Zamzam.Contracts\Zamzam.Contracts.csproj", "{BE8C9E24-46B7-41B7-9D9E-0433EA82D5F8}"
EndProject
Project("{9A19103F-16F7-4668-BE54-9A1E7A4F7556}") = "Zamzam.WebApi", "Zamzam.WebApi\Zamzam.WebApi.csproj", "{0CC8D494-E4E3-47FF-B4DE-7EF30AFD592E}"
EndProject
Project("{9A19103F-16F7-4668-BE54-9A1E7A4F7556}") = "ZamzamUiCompact", "ZamzamUiCompact\ZamzamUiCompact.csproj", "{DFEB36F2-7180-481F-874D-8B113A09DFDA}"
EndProject
Project("{FAE04EC0-301F-11D3-BF4B-00C04F79EFBC}") = "TestUi", "TestUi\TestUi.csproj", "{FA570E44-4D34-42BF-A6A3-5972EA84836B}"
EndProject
Global
	GlobalSection(SolutionConfigurationPlatforms) = preSolution
		Debug|Any CPU = Debug|Any CPU
		Debug|x86 = Debug|x86
		Release|Any CPU = Release|Any CPU
		Release|x86 = Release|x86
	EndGlobalSection
	GlobalSection(ProjectConfigurationPlatforms) = postSolution
		{A533AC94-7144-4AB3-AB0B-A125F0AA387A}.Debug|Any CPU.ActiveCfg = Debug|Any CPU
		{A533AC94-7144-4AB3-AB0B-A125F0AA387A}.Debug|Any CPU.Build.0 = Debug|Any CPU
		{A533AC94-7144-4AB3-AB0B-A125F0AA387A}.Debug|x86.ActiveCfg = Debug|Any CPU
		{A533AC94-7144-4AB3-AB0B-A125F0AA387A}.Debug|x86.Build.0 = Debug|Any CPU
		{A533AC94-7144-4AB3-AB0B-A125F0AA387A}.Release|Any CPU.ActiveCfg = Release|Any CPU
		{A533AC94-7144-4AB3-AB0B-A125F0AA387A}.Release|Any CPU.Build.0 = Release|Any CPU
		{A533AC94-7144-4AB3-AB0B-A125F0AA387A}.Release|x86.ActiveCfg = Release|Any CPU
		{A533AC94-7144-4AB3-AB0B-A125F0AA387A}.Release|x86.Build.0 = Release|Any CPU
		{E22B8E40-E23E-4AA3-B6F9-331F4C88C52E}.Debug|Any CPU.ActiveCfg = Debug|Any CPU
		{E22B8E40-E23E-4AA3-B6F9-331F4C88C52E}.Debug|Any CPU.Build.0 = Debug|Any CPU
		{E22B8E40-E23E-4AA3-B6F9-331F4C88C52E}.Debug|x86.ActiveCfg = Debug|Any CPU
		{E22B8E40-E23E-4AA3-B6F9-331F4C88C52E}.Debug|x86.Build.0 = Debug|Any CPU
		{E22B8E40-E23E-4AA3-B6F9-331F4C88C52E}.Release|Any CPU.ActiveCfg = Release|Any CPU
		{E22B8E40-E23E-4AA3-B6F9-331F4C88C52E}.Release|Any CPU.Build.0 = Release|Any CPU
		{E22B8E40-E23E-4AA3-B6F9-331F4C88C52E}.Release|x86.ActiveCfg = Release|Any CPU
		{E22B8E40-E23E-4AA3-B6F9-331F4C88C52E}.Release|x86.Build.0 = Release|Any CPU
		{D9112414-28FC-4311-B238-E3681EC6CD06}.Debug|Any CPU.ActiveCfg = Debug|Any CPU
		{D9112414-28FC-4311-B238-E3681EC6CD06}.Debug|Any CPU.Build.0 = Debug|Any CPU
		{D9112414-28FC-4311-B238-E3681EC6CD06}.Debug|x86.ActiveCfg = Debug|Any CPU
		{D9112414-28FC-4311-B238-E3681EC6CD06}.Debug|x86.Build.0 = Debug|Any CPU
		{D9112414-28FC-4311-B238-E3681EC6CD06}.Release|Any CPU.ActiveCfg = Release|Any CPU
		{D9112414-28FC-4311-B238-E3681EC6CD06}.Release|Any CPU.Build.0 = Release|Any CPU
		{D9112414-28FC-4311-B238-E3681EC6CD06}.Release|x86.ActiveCfg = Release|Any CPU
		{D9112414-28FC-4311-B238-E3681EC6CD06}.Release|x86.Build.0 = Release|Any CPU
		{9A6ADFFA-3BA4-4C2E-BFDB-B75CF257A04F}.Debug|Any CPU.ActiveCfg = Debug|Any CPU
		{9A6ADFFA-3BA4-4C2E-BFDB-B75CF257A04F}.Debug|Any CPU.Build.0 = Debug|Any CPU
		{9A6ADFFA-3BA4-4C2E-BFDB-B75CF257A04F}.Debug|x86.ActiveCfg = Debug|Any CPU
		{9A6ADFFA-3BA4-4C2E-BFDB-B75CF257A04F}.Debug|x86.Build.0 = Debug|Any CPU
		{9A6ADFFA-3BA4-4C2E-BFDB-B75CF257A04F}.Release|Any CPU.ActiveCfg = Release|Any CPU
		{9A6ADFFA-3BA4-4C2E-BFDB-B75CF257A04F}.Release|Any CPU.Build.0 = Release|Any CPU
		{9A6ADFFA-3BA4-4C2E-BFDB-B75CF257A04F}.Release|x86.ActiveCfg = Release|Any CPU
		{9A6ADFFA-3BA4-4C2E-BFDB-B75CF257A04F}.Release|x86.Build.0 = Release|Any CPU
		{0420BBBD-0390-4934-9A21-5BCF73FDE1BE}.Debug|Any CPU.ActiveCfg = Debug|Any CPU
		{0420BBBD-0390-4934-9A21-5BCF73FDE1BE}.Debug|Any CPU.Build.0 = Debug|Any CPU
		{0420BBBD-0390-4934-9A21-5BCF73FDE1BE}.Debug|x86.ActiveCfg = Debug|Any CPU
		{0420BBBD-0390-4934-9A21-5BCF73FDE1BE}.Debug|x86.Build.0 = Debug|Any CPU
		{0420BBBD-0390-4934-9A21-5BCF73FDE1BE}.Release|Any CPU.ActiveCfg = Release|Any CPU
		{0420BBBD-0390-4934-9A21-5BCF73FDE1BE}.Release|Any CPU.Build.0 = Release|Any CPU
		{0420BBBD-0390-4934-9A21-5BCF73FDE1BE}.Release|x86.ActiveCfg = Release|Any CPU
		{0420BBBD-0390-4934-9A21-5BCF73FDE1BE}.Release|x86.Build.0 = Release|Any CPU
		{BE8C9E24-46B7-41B7-9D9E-0433EA82D5F8}.Debug|Any CPU.ActiveCfg = Debug|Any CPU
		{BE8C9E24-46B7-41B7-9D9E-0433EA82D5F8}.Debug|Any CPU.Build.0 = Debug|Any CPU
		{BE8C9E24-46B7-41B7-9D9E-0433EA82D5F8}.Debug|x86.ActiveCfg = Debug|Any CPU
		{BE8C9E24-46B7-41B7-9D9E-0433EA82D5F8}.Debug|x86.Build.0 = Debug|Any CPU
		{BE8C9E24-46B7-41B7-9D9E-0433EA82D5F8}.Release|Any CPU.ActiveCfg = Release|Any CPU
		{BE8C9E24-46B7-41B7-9D9E-0433EA82D5F8}.Release|Any CPU.Build.0 = Release|Any CPU
		{BE8C9E24-46B7-41B7-9D9E-0433EA82D5F8}.Release|x86.ActiveCfg = Release|Any CPU
		{BE8C9E24-46B7-41B7-9D9E-0433EA82D5F8}.Release|x86.Build.0 = Release|Any CPU
		{0CC8D494-E4E3-47FF-B4DE-7EF30AFD592E}.Debug|Any CPU.ActiveCfg = Debug|Any CPU
		{0CC8D494-E4E3-47FF-B4DE-7EF30AFD592E}.Debug|Any CPU.Build.0 = Debug|Any CPU
		{0CC8D494-E4E3-47FF-B4DE-7EF30AFD592E}.Debug|x86.ActiveCfg = Debug|Any CPU
		{0CC8D494-E4E3-47FF-B4DE-7EF30AFD592E}.Debug|x86.Build.0 = Debug|Any CPU
		{0CC8D494-E4E3-47FF-B4DE-7EF30AFD592E}.Release|Any CPU.ActiveCfg = Release|Any CPU
		{0CC8D494-E4E3-47FF-B4DE-7EF30AFD592E}.Release|Any CPU.Build.0 = Release|Any CPU
		{0CC8D494-E4E3-47FF-B4DE-7EF30AFD592E}.Release|x86.ActiveCfg = Release|Any CPU
		{0CC8D494-E4E3-47FF-B4DE-7EF30AFD592E}.Release|x86.Build.0 = Release|Any CPU
		{DFEB36F2-7180-481F-874D-8B113A09DFDA}.Debug|Any CPU.ActiveCfg = Debug|Any CPU
		{DFEB36F2-7180-481F-874D-8B113A09DFDA}.Debug|Any CPU.Build.0 = Debug|Any CPU
		{DFEB36F2-7180-481F-874D-8B113A09DFDA}.Debug|x86.ActiveCfg = Debug|Any CPU
		{DFEB36F2-7180-481F-874D-8B113A09DFDA}.Debug|x86.Build.0 = Debug|Any CPU
		{DFEB36F2-7180-481F-874D-8B113A09DFDA}.Release|Any CPU.ActiveCfg = Release|Any CPU
		{DFEB36F2-7180-481F-874D-8B113A09DFDA}.Release|Any CPU.Build.0 = Release|Any CPU
		{DFEB36F2-7180-481F-874D-8B113A09DFDA}.Release|x86.ActiveCfg = Release|Any CPU
		{DFEB36F2-7180-481F-874D-8B113A09DFDA}.Release|x86.Build.0 = Release|Any CPU
		{FA570E44-4D34-42BF-A6A3-5972EA84836B}.Debug|Any CPU.ActiveCfg = Debug|Any CPU
		{FA570E44-4D34-42BF-A6A3-5972EA84836B}.Debug|Any CPU.Build.0 = Debug|Any CPU
		{FA570E44-4D34-42BF-A6A3-5972EA84836B}.Debug|x86.ActiveCfg = Debug|Any CPU
		{FA570E44-4D34-42BF-A6A3-5972EA84836B}.Debug|x86.Build.0 = Debug|Any CPU
		{FA570E44-4D34-42BF-A6A3-5972EA84836B}.Release|Any CPU.ActiveCfg = Release|Any CPU
		{FA570E44-4D34-42BF-A6A3-5972EA84836B}.Release|Any CPU.Build.0 = Release|Any CPU
		{FA570E44-4D34-42BF-A6A3-5972EA84836B}.Release|x86.ActiveCfg = Release|Any CPU
		{FA570E44-4D34-42BF-A6A3-5972EA84836B}.Release|x86.Build.0 = Release|Any CPU
	EndGlobalSection
	GlobalSection(SolutionProperties) = preSolution
		HideSolutionNode = FALSE
	EndGlobalSection
	GlobalSection(NestedProjects) = preSolution
		{A533AC94-7144-4AB3-AB0B-A125F0AA387A} = {EF93EE2F-BD9F-49B1-8658-86E233192DE2}
		{E22B8E40-E23E-4AA3-B6F9-331F4C88C52E} = {F62BA9D5-9036-43E8-89EA-412F5EA1C6C6}
		{D9112414-28FC-4311-B238-E3681EC6CD06} = {EF93EE2F-BD9F-49B1-8658-86E233192DE2}
		{9A6ADFFA-3BA4-4C2E-BFDB-B75CF257A04F} = {1887879D-A356-4F36-80CF-7813435A0BAA}
		{0420BBBD-0390-4934-9A21-5BCF73FDE1BE} = {F62BA9D5-9036-43E8-89EA-412F5EA1C6C6}
		{BE8C9E24-46B7-41B7-9D9E-0433EA82D5F8} = {F62BA9D5-9036-43E8-89EA-412F5EA1C6C6}
		{0CC8D494-E4E3-47FF-B4DE-7EF30AFD592E} = {F895CF5E-A4BA-4B32-9F2B-2F03A92844F8}
		{DFEB36F2-7180-481F-874D-8B113A09DFDA} = {F895CF5E-A4BA-4B32-9F2B-2F03A92844F8}
		{FA570E44-4D34-42BF-A6A3-5972EA84836B} = {F895CF5E-A4BA-4B32-9F2B-2F03A92844F8}
	EndGlobalSection
	GlobalSection(ExtensibilityGlobals) = postSolution
		SolutionGuid = {C1642FFE-55B5-4430-AE94-040B024A7BCB}
	EndGlobalSection
EndGlobal
